langcode: da
status: true
dependencies:
  module:
    - os2web_contact
  theme:
    - fds_redwhite_theme
id: fds_redwhite_theme_os2webcontactblock
theme: fds_redwhite_theme
region: sidebar_second
weight: -17
provider: null
plugin: os2web_contact
settings:
  id: os2web_contact
  label: 'OS2Web Contact block'
  label_display: '0'
  provider: os2web_contact
visibility: {  }
